// !$*UTF8*$!
{
	archiveVersion = 1;
	classes = {
	};
	objectVersion = 46;
	objects = {

/* Begin PBXBuildFile section */
		110406C318C4C6EC00CF68D0 /* Foundation.framework in Frameworks */ = {isa = PBXBuildFile; fileRef = 110406C218C4C6EC00CF68D0 /* Foundation.framework */; };
		110406C518C4C6EC00CF68D0 /* CoreGraphics.framework in Frameworks */ = {isa = PBXBuildFile; fileRef = 110406C418C4C6EC00CF68D0 /* CoreGraphics.framework */; };
		110406C718C4C6EC00CF68D0 /* UIKit.framework in Frameworks */ = {isa = PBXBuildFile; fileRef = 110406C618C4C6EC00CF68D0 /* UIKit.framework */; };
		110406CD18C4C6EC00CF68D0 /* InfoPlist.strings in Resources */ = {isa = PBXBuildFile; fileRef = 110406CB18C4C6EC00CF68D0 /* InfoPlist.strings */; };
		110406CF18C4C6EC00CF68D0 /* main.m in Sources */ = {isa = PBXBuildFile; fileRef = 110406CE18C4C6EC00CF68D0 /* main.m */; };
		110406D318C4C6EC00CF68D0 /* AJQAppDelegate.m in Sources */ = {isa = PBXBuildFile; fileRef = 110406D218C4C6EC00CF68D0 /* AJQAppDelegate.m */; };
		110406D518C4C6EC00CF68D0 /* Images.xcassets in Resources */ = {isa = PBXBuildFile; fileRef = 110406D418C4C6EC00CF68D0 /* Images.xcassets */; };
		110406DC18C4C6ED00CF68D0 /* XCTest.framework in Frameworks */ = {isa = PBXBuildFile; fileRef = 110406DB18C4C6ED00CF68D0 /* XCTest.framework */; };
		110406DD18C4C6ED00CF68D0 /* Foundation.framework in Frameworks */ = {isa = PBXBuildFile; fileRef = 110406C218C4C6EC00CF68D0 /* Foundation.framework */; };
		110406DE18C4C6ED00CF68D0 /* UIKit.framework in Frameworks */ = {isa = PBXBuildFile; fileRef = 110406C618C4C6EC00CF68D0 /* UIKit.framework */; };
		110406E618C4C6ED00CF68D0 /* InfoPlist.strings in Resources */ = {isa = PBXBuildFile; fileRef = 110406E418C4C6ED00CF68D0 /* InfoPlist.strings */; };
		110406E818C4C6ED00CF68D0 /* UsedCarToolsTests.m in Sources */ = {isa = PBXBuildFile; fileRef = 110406E718C4C6ED00CF68D0 /* UsedCarToolsTests.m */; };
/* End PBXBuildFile section */

/* Begin PBXContainerItemProxy section */
		110406DF18C4C6ED00CF68D0 /* PBXContainerItemProxy */ = {
			isa = PBXContainerItemProxy;
			containerPortal = 110406B718C4C6EC00CF68D0 /* Project object */;
			proxyType = 1;
			remoteGlobalIDString = 110406BE18C4C6EC00CF68D0;
			remoteInfo = UsedCarTools;
		};
/* End PBXContainerItemProxy section */

/* Begin PBXFileReference section */
		110406BF18C4C6EC00CF68D0 /* UsedCarTools.app */ = {isa = PBXFileReference; explicitFileType = wrapper.application; includeInIndex = 0; path = UsedCarTools.app; sourceTree = BUILT_PRODUCTS_DIR; };
		110406C218C4C6EC00CF68D0 /* Foundation.framework */ = {isa = PBXFileReference; lastKnownFileType = wrapper.framework; name = Foundation.framework; path = System/Library/Frameworks/Foundation.framework; sourceTree = SDKROOT; };
		110406C418C4C6EC00CF68D0 /* CoreGraphics.framework */ = {isa = PBXFileReference; lastKnownFileType = wrapper.framework; name = CoreGraphics.framework; path = System/Library/Frameworks/CoreGraphics.framework; sourceTree = SDKROOT; };
		110406C618C4C6EC00CF68D0 /* UIKit.framework */ = {isa = PBXFileReference; lastKnownFileType = wrapper.framework; name = UIKit.framework; path = System/Library/Frameworks/UIKit.framework; sourceTree = SDKROOT; };
		110406CA18C4C6EC00CF68D0 /* UsedCarTools-Info.plist */ = {isa = PBXFileReference; lastKnownFileType = text.plist.xml; path = "UsedCarTools-Info.plist"; sourceTree = "<group>"; };
		110406CC18C4C6EC00CF68D0 /* en */ = {isa = PBXFileReference; lastKnownFileType = text.plist.strings; name = en; path = en.lproj/InfoPlist.strings; sourceTree = "<group>"; };
		110406CE18C4C6EC00CF68D0 /* main.m */ = {isa = PBXFileReference; lastKnownFileType = sourcecode.c.objc; path = main.m; sourceTree = "<group>"; };
		110406D018C4C6EC00CF68D0 /* UsedCarTools-Prefix.pch */ = {isa = PBXFileReference; lastKnownFileType = sourcecode.c.h; path = "UsedCarTools-Prefix.pch"; sourceTree = "<group>"; };
		110406D118C4C6EC00CF68D0 /* AJQAppDelegate.h */ = {isa = PBXFileReference; lastKnownFileType = sourcecode.c.h; path = AJQAppDelegate.h; sourceTree = "<group>"; };
		110406D218C4C6EC00CF68D0 /* AJQAppDelegate.m */ = {isa = PBXFileReference; lastKnownFileType = sourcecode.c.objc; path = AJQAppDelegate.m; sourceTree = "<group>"; };
		110406D418C4C6EC00CF68D0 /* Images.xcassets */ = {isa = PBXFileReference; lastKnownFileType = folder.assetcatalog; path = Images.xcassets; sourceTree = "<group>"; };
		110406DA18C4C6ED00CF68D0 /* UsedCarToolsTests.xctest */ = {isa = PBXFileReference; explicitFileType = wrapper.cfbundle; includeInIndex = 0; path = UsedCarToolsTests.xctest; sourceTree = BUILT_PRODUCTS_DIR; };
		110406DB18C4C6ED00CF68D0 /* XCTest.framework */ = {isa = PBXFileReference; lastKnownFileType = wrapper.framework; name = XCTest.framework; path = Library/Frameworks/XCTest.framework; sourceTree = DEVELOPER_DIR; };
		110406E318C4C6ED00CF68D0 /* UsedCarToolsTests-Info.plist */ = {isa = PBXFileReference; lastKnownFileType = text.plist.xml; path = "UsedCarToolsTests-Info.plist"; sourceTree = "<group>"; };
		110406E518C4C6ED00CF68D0 /* en */ = {isa = PBXFileReference; lastKnownFileType = text.plist.strings; name = en; path = en.lproj/InfoPlist.strings; sourceTree = "<group>"; };
		110406E718C4C6ED00CF68D0 /* UsedCarToolsTests.m */ = {isa = PBXFileReference; lastKnownFileType = sourcecode.c.objc; path = UsedCarToolsTests.m; sourceTree = "<group>"; };
/* End PBXFileReference section */

/* Begin PBXFrameworksBuildPhase section */
		110406BC18C4C6EC00CF68D0 /* Frameworks */ = {
			isa = PBXFrameworksBuildPhase;
			buildActionMask = 2147483647;
			files = (
				110406C518C4C6EC00CF68D0 /* CoreGraphics.framework in Frameworks */,
				110406C718C4C6EC00CF68D0 /* UIKit.framework in Frameworks */,
				110406C318C4C6EC00CF68D0 /* Foundation.framework in Frameworks */,
			);
			runOnlyForDeploymentPostprocessing = 0;
		};
		110406D718C4C6ED00CF68D0 /* Frameworks */ = {
			isa = PBXFrameworksBuildPhase;
			buildActionMask = 2147483647;
			files = (
				110406DC18C4C6ED00CF68D0 /* XCTest.framework in Frameworks */,
				110406DE18C4C6ED00CF68D0 /* UIKit.framework in Frameworks */,
				110406DD18C4C6ED00CF68D0 /* Foundation.framework in Frameworks */,
			);
			runOnlyForDeploymentPostprocessing = 0;
		};
/* End PBXFrameworksBuildPhase section */

/* Begin PBXGroup section */
		110406B618C4C6EC00CF68D0 = {
			isa = PBXGroup;
			children = (
				110406C818C4C6EC00CF68D0 /* UsedCarTools */,
				110406E118C4C6ED00CF68D0 /* UsedCarToolsTests */,
				110406C118C4C6EC00CF68D0 /* Frameworks */,
				110406C018C4C6EC00CF68D0 /* Products */,
			);
			sourceTree = "<group>";
		};
		110406C018C4C6EC00CF68D0 /* Products */ = {
			isa = PBXGroup;
			children = (
				110406BF18C4C6EC00CF68D0 /* UsedCarTools.app */,
				110406DA18C4C6ED00CF68D0 /* UsedCarToolsTests.xctest */,
			);
			name = Products;
			sourceTree = "<group>";
		};
		110406C118C4C6EC00CF68D0 /* Frameworks */ = {
			isa = PBXGroup;
			children = (
				110406C218C4C6EC00CF68D0 /* Foundation.framework */,
				110406C418C4C6EC00CF68D0 /* CoreGraphics.framework */,
				110406C618C4C6EC00CF68D0 /* UIKit.framework */,
				110406DB18C4C6ED00CF68D0 /* XCTest.framework */,
			);
			name = Frameworks;
			sourceTree = "<group>";
		};
		110406C818C4C6EC00CF68D0 /* UsedCarTools */ = {
			isa = PBXGroup;
			children = (
				110406D118C4C6EC00CF68D0 /* AJQAppDelegate.h */,
				110406D218C4C6EC00CF68D0 /* AJQAppDelegate.m */,
				110406D418C4C6EC00CF68D0 /* Images.xcassets */,
				110406C918C4C6EC00CF68D0 /* Supporting Files */,
			);
			path = UsedCarTools;
			sourceTree = "<group>";
		};
		110406C918C4C6EC00CF68D0 /* Supporting Files */ = {
			isa = PBXGroup;
			children = (
				110406CA18C4C6EC00CF68D0 /* UsedCarTools-Info.plist */,
				110406CB18C4C6EC00CF68D0 /* InfoPlist.strings */,
				110406CE18C4C6EC00CF68D0 /* main.m */,
				110406D018C4C6EC00CF68D0 /* UsedCarTools-Prefix.pch */,
			);
			name = "Supporting Files";
			sourceTree = "<group>";
		};
		110406E118C4C6ED00CF68D0 /* UsedCarToolsTests */ = {
			isa = PBXGroup;
			children = (
				110406E718C4C6ED00CF68D0 /* UsedCarToolsTests.m */,
				110406E218C4C6ED00CF68D0 /* Supporting Files */,
			);
			path = UsedCarToolsTests;
			sourceTree = "<group>";
		};
		110406E218C4C6ED00CF68D0 /* Supporting Files */ = {
			isa = PBXGroup;
			children = (
				110406E318C4C6ED00CF68D0 /* UsedCarToolsTests-Info.plist */,
				110406E418C4C6ED00CF68D0 /* InfoPlist.strings */,
			);
			name = "Supporting Files";
			sourceTree = "<group>";
		};
/* End PBXGroup section */

/* Begin PBXNativeTarget section */
		110406BE18C4C6EC00CF68D0 /* UsedCarTools */ = {
			isa = PBXNativeTarget;
			buildConfigurationList = 110406EB18C4C6ED00CF68D0 /* Build configuration list for PBXNativeTarget "UsedCarTools" */;
			buildPhases = (
				110406BB18C4C6EC00CF68D0 /* Sources */,
				110406BC18C4C6EC00CF68D0 /* Frameworks */,
				110406BD18C4C6EC00CF68D0 /* Resources */,
			);
			buildRules = (
			);
			dependencies = (
			);
			name = UsedCarTools;
			productName = UsedCarTools;
			productReference = 110406BF18C4C6EC00CF68D0 /* UsedCarTools.app */;
			productType = "com.apple.product-type.application";
		};
		110406D918C4C6ED00CF68D0 /* UsedCarToolsTests */ = {
			isa = PBXNativeTarget;
			buildConfigurationList = 110406EE18C4C6ED00CF68D0 /* Build configuration list for PBXNativeTarget "UsedCarToolsTests" */;
			buildPhases = (
				110406D618C4C6ED00CF68D0 /* Sources */,
				110406D718C4C6ED00CF68D0 /* Frameworks */,
				110406D818C4C6ED00CF68D0 /* Resources */,
			);
			buildRules = (
			);
			dependencies = (
				110406E018C4C6ED00CF68D0 /* PBXTargetDependency */,
			);
			name = UsedCarToolsTests;
			productName = UsedCarToolsTests;
			productReference = 110406DA18C4C6ED00CF68D0 /* UsedCarToolsTests.xctest */;
			productType = "com.apple.product-type.bundle.unit-test";
		};
/* End PBXNativeTarget section */

/* Begin PBXProject section */
		110406B718C4C6EC00CF68D0 /* Project object */ = {
			isa = PBXProject;
			attributes = {
				CLASSPREFIX = AJQ;
				LastUpgradeCheck = 0500;
				ORGANIZATIONNAME = "顾斌";
				TargetAttributes = {
					110406D918C4C6ED00CF68D0 = {
						TestTargetID = 110406BE18C4C6EC00CF68D0;
					};
				};
			};
			buildConfigurationList = 110406BA18C4C6EC00CF68D0 /* Build configuration list for PBXProject "UsedCarTools" */;
			compatibilityVersion = "Xcode 3.2";
			developmentRegion = English;
			hasScannedForEncodings = 0;
			knownRegions = (
				en,
			);
			mainGroup = 110406B618C4C6EC00CF68D0;
			productRefGroup = 110406C018C4C6EC00CF68D0 /* Products */;
			projectDirPath = "";
			projectRoot = "";
			targets = (
				110406BE18C4C6EC00CF68D0 /* UsedCarTools */,
				110406D918C4C6ED00CF68D0 /* UsedCarToolsTests */,
			);
		};
/* End PBXProject section */

/* Begin PBXResourcesBuildPhase section */
		110406BD18C4C6EC00CF68D0 /* Resources */ = {
			isa = PBXResourcesBuildPhase;
			buildActionMask = 2147483647;
			files = (
				110406CD18C4C6EC00CF68D0 /* InfoPlist.strings in Resources */,
				110406D518C4C6EC00CF68D0 /* Images.xcassets in Resources */,
			);
			runOnlyForDeploymentPostprocessing = 0;
		};
		110406D818C4C6ED00CF68D0 /* Resources */ = {
			isa = PBXResourcesBuildPhase;
			buildActionMask = 2147483647;
			files = (
				110406E618C4C6ED00CF68D0 /* InfoPlist.strings in Resources */,
			);
			runOnlyForDeploymentPostprocessing = 0;
		};
/* End PBXResourcesBuildPhase section */

/* Begin PBXSourcesBuildPhase section */
		110406BB18C4C6EC00CF68D0 /* Sources */ = {
			isa = PBXSourcesBuildPhase;
			buildActionMask = 2147483647;
			files = (
				110406CF18C4C6EC00CF68D0 /* main.m in Sources */,
				110406D318C4C6EC00CF68D0 /* AJQAppDelegate.m in Sources */,
			);
			runOnlyForDeploymentPostprocessing = 0;
		};
		110406D618C4C6ED00CF68D0 /* Sources */ = {
			isa = PBXSourcesBuildPhase;
			buildActionMask = 2147483647;
			files = (
				110406E818C4C6ED00CF68D0 /* UsedCarToolsTests.m in Sources */,
			);
			runOnlyForDeploymentPostprocessing = 0;
		};
/* End PBXSourcesBuildPhase section */

/* Begin PBXTargetDependency section */
		110406E018C4C6ED00CF68D0 /* PBXTargetDependency */ = {
			isa = PBXTargetDependency;
			target = 110406BE18C4C6EC00CF68D0 /* UsedCarTools */;
			targetProxy = 110406DF18C4C6ED00CF68D0 /* PBXContainerItemProxy */;
		};
/* End PBXTargetDependency section */

/* Begin PBXVariantGroup section */
		110406CB18C4C6EC00CF68D0 /* InfoPlist.strings */ = {
			isa = PBXVariantGroup;
			children = (
				110406CC18C4C6EC00CF68D0 /* en */,
			);
			name = InfoPlist.strings;
			sourceTree = "<group>";
		};
		110406E418C4C6ED00CF68D0 /* InfoPlist.strings */ = {
			isa = PBXVariantGroup;
			children = (
				110406E518C4C6ED00CF68D0 /* en */,
			);
			name = InfoPlist.strings;
			sourceTree = "<group>";
		};
/* End PBXVariantGroup section */

/* Begin XCBuildConfiguration section */
		110406E918C4C6ED00CF68D0 /* Debug */ = {
			isa = XCBuildConfiguration;
			buildSettings = {
				ALWAYS_SEARCH_USER_PATHS = NO;
				ARCHS = "$(ARCHS_STANDARD_INCLUDING_64_BIT)";
				CLANG_CXX_LANGUAGE_STANDARD = "gnu++0x";
				CLANG_CXX_LIBRARY = "libc++";
				CLANG_ENABLE_MODULES = YES;
				CLANG_ENABLE_OBJC_ARC = YES;
				CLANG_WARN_BOOL_CONVERSION = YES;
				CLANG_WARN_CONSTANT_CONVERSION = YES;
				CLANG_WARN_DIRECT_OBJC_ISA_USAGE = YES_ERROR;
				CLANG_WARN_EMPTY_BODY = YES;
				CLANG_WARN_ENUM_CONVERSION = YES;
				CLANG_WARN_INT_CONVERSION = YES;
				CLANG_WARN_OBJC_ROOT_CLASS = YES_ERROR;
				CLANG_WARN__DUPLICATE_METHOD_MATCH = YES;
				"CODE_SIGN_IDENTITY[sdk=iphoneos*]" = "iPhone Developer";
				COPY_PHASE_STRIP = NO;
				GCC_C_LANGUAGE_STANDARD = gnu99;
				GCC_DYNAMIC_NO_PIC = NO;
				GCC_OPTIMIZATION_LEVEL = 0;
				GCC_PREPROCESSOR_DEFINITIONS = (
					"DEBUG=1",
					"$(inherited)",
				);
				GCC_SYMBOLS_PRIVATE_EXTERN = NO;
				GCC_WARN_64_TO_32_BIT_CONVERSION = YES;
				GCC_WARN_ABOUT_RETURN_TYPE = YES_ERROR;
				GCC_WARN_UNDECLARED_SELECTOR = YES;
				GCC_WARN_UNINITIALIZED_AUTOS = YES;
				GCC_WARN_UNUSED_FUNCTION = YES;
				GCC_WARN_UNUSED_VARIABLE = YES;
				IPHONEOS_DEPLOYMENT_TARGET = 7.0;
				ONLY_ACTIVE_ARCH = YES;
				SDKROOT = iphoneos;
			};
			name = Debug;
		};
		110406EA18C4C6ED00CF68D0 /* Release */ = {
			isa = XCBuildConfiguration;
			buildSettings = {
				ALWAYS_SEARCH_USER_PATHS = NO;
				ARCHS = "$(ARCHS_STANDARD_INCLUDING_64_BIT)";
				CLANG_CXX_LANGUAGE_STANDARD = "gnu++0x";
				CLANG_CXX_LIBRARY = "libc++";
				CLANG_ENABLE_MODULES = YES;
				CLANG_ENABLE_OBJC_ARC = YES;
				CLANG_WARN_BOOL_CONVERSION = YES;
				CLANG_WARN_CONSTANT_CONVERSION = YES;
				CLANG_WARN_DIRECT_OBJC_ISA_USAGE = YES_ERROR;
				CLANG_WARN_EMPTY_BODY = YES;
				CLANG_WARN_ENUM_CONVERSION = YES;
				CLANG_WARN_INT_CONVERSION = YES;
				CLANG_WARN_OBJC_ROOT_CLASS = YES_ERROR;
				CLANG_WARN__DUPLICATE_METHOD_MATCH = YES;
				"CODE_SIGN_IDENTITY[sdk=iphoneos*]" = "iPhone Developer";
				COPY_PHASE_STRIP = YES;
				ENABLE_NS_ASSERTIONS = NO;
				GCC_C_LANGUAGE_STANDARD = gnu99;
				GCC_WARN_64_TO_32_BIT_CONVERSION = YES;
				GCC_WARN_ABOUT_RETURN_TYPE = YES_ERROR;
				GCC_WARN_UNDECLARED_SELECTOR = YES;
				GCC_WARN_UNINITIALIZED_AUTOS = YES;
				GCC_WARN_UNUSED_FUNCTION = YES;
				GCC_WARN_UNUSED_VARIABLE = YES;
				IPHONEOS_DEPLOYMENT_TARGET = 7.0;
				SDKROOT = iphoneos;
				VALIDATE_PRODUCT = YES;
			};
			name = Release;
		};
		110406EC18C4C6ED00CF68D0 /* Debug */ = {
			isa = XCBuildConfiguration;
			buildSettings = {
				ASSETCATALOG_COMPILER_APPICON_NAME = AppIcon;
				ASSETCATALOG_COMPILER_LAUNCHIMAGE_NAME = LaunchImage;
				GCC_PRECOMPILE_PREFIX_HEADER = YES;
				GCC_PREFIX_HEADER = "UsedCarTools/UsedCarTools-Prefix.pch";
				INFOPLIST_FILE = "UsedCarTools/UsedCarTools-Info.plist";
				PRODUCT_NAME = "$(TARGET_NAME)";
				WRAPPER_EXTENSION = app;
			};
			name = Debug;
		};
		110406ED18C4C6ED00CF68D0 /* Release */ = {
			isa = XCBuildConfiguration;
			buildSettings = {
				ASSETCATALOG_COMPILER_APPICON_NAME = AppIcon;
				ASSETCATALOG_COMPILER_LAUNCHIMAGE_NAME = LaunchImage;
				GCC_PRECOMPILE_PREFIX_HEADER = YES;
				GCC_PREFIX_HEADER = "UsedCarTools/UsedCarTools-Prefix.pch";
				INFOPLIST_FILE = "UsedCarTools/UsedCarTools-Info.plist";
				PRODUCT_NAME = "$(TARGET_NAME)";
				WRAPPER_EXTENSION = app;
			};
			name = Release;
		};
		110406EF18C4C6ED00CF68D0 /* Debug */ = {
			isa = XCBuildConfiguration;
			buildSettings = {
				ARCHS = "$(ARCHS_STANDARD_INCLUDING_64_BIT)";
				BUNDLE_LOADER = "$(BUILT_PRODUCTS_DIR)/UsedCarTools.app/UsedCarTools";
				FRAMEWORK_SEARCH_PATHS = (
					"$(SDKROOT)/Developer/Library/Frameworks",
					"$(inherited)",
					"$(DEVELOPER_FRAMEWORKS_DIR)",
				);
				GCC_PRECOMPILE_PREFIX_HEADER = YES;
				GCC_PREFIX_HEADER = "UsedCarTools/UsedCarTools-Prefix.pch";
				GCC_PREPROCESSOR_DEFINITIONS = (
					"DEBUG=1",
					"$(inherited)",
				);
				INFOPLIST_FILE = "UsedCarToolsTests/UsedCarToolsTests-Info.plist";
				PRODUCT_NAME = "$(TARGET_NAME)";
				TEST_HOST = "$(BUNDLE_LOADER)";
				WRAPPER_EXTENSION = xctest;
			};
			name = Debug;
		};
		110406F018C4C6ED00CF68D0 /* Release */ = {
			isa = XCBuildConfiguration;
			buildSettings = {
				ARCHS = "$(ARCHS_STANDARD_INCLUDING_64_BIT)";
				BUNDLE_LOADER = "$(BUILT_PRODUCTS_DIR)/UsedCarTools.app/UsedCarTools";
				FRAMEWORK_SEARCH_PATHS = (
					"$(SDKROOT)/Developer/Library/Frameworks",
					"$(inherited)",
					"$(DEVELOPER_FRAMEWORKS_DIR)",
				);
				GCC_PRECOMPILE_PREFIX_HEADER = YES;
				GCC_PREFIX_HEADER = "UsedCarTools/UsedCarTools-Prefix.pch";
				INFOPLIST_FILE = "UsedCarToolsTests/UsedCarToolsTests-Info.plist";
				PRODUCT_NAME = "$(TARGET_NAME)";
				TEST_HOST = "$(BUNDLE_LOADER)";
				WRAPPER_EXTENSION = xctest;
			};
			name = Release;
		};
/* End XCBuildConfiguration section */

/* Begin XCConfigurationList section */
		110406BA18C4C6EC00CF68D0 /* Build configuration list for PBXProject "UsedCarTools" */ = {
			isa = XCConfigurationList;
			buildConfigurations = (
				110406E918C4C6ED00CF68D0 /* Debug */,
				110406EA18C4C6ED00CF68D0 /* Release */,
			);
			defaultConfigurationIsVisible = 0;
			defaultConfigurationName = Release;
		};
		110406EB18C4C6ED00CF68D0 /* Build configuration list for PBXNativeTarget "UsedCarTools" */ = {
			isa = XCConfigurationList;
			buildConfigurations = (
				110406EC18C4C6ED00CF68D0 /* Debug */,
				110406ED18C4C6ED00CF68D0 /* Release */,
			);
			defaultConfigurationIsVisible = 0;
		};
		110406EE18C4C6ED00CF68D0 /* Build configuration list for PBXNativeTarget "UsedCarToolsTests" */ = {
			isa = XCConfigurationList;
			buildConfigurations = (
				110406EF18C4C6ED00CF68D0 /* Debug */,
				110406F018C4C6ED00CF68D0 /* Release */,
			);
			defaultConfigurationIsVisible = 0;
		};
/* End XCConfigurationList section */
	};
	rootObject = 110406B718C4C6EC00CF68D0 /* Project object */;
}
